
Microsoft Visual Studio Solution File, Format Version 12.00
# Visual Studio Version 17
VisualStudioVersion = 17.4.33122.133
MinimumVisualStudioVersion = 10.0.40219.1
Project("{FAE04EC0-301F-11D3-BF4B-00C04F79EFBC}") = "Stan_Replit", "Stan_Replit.csproj", "{47F0612B-D099-402C-BD80-7838FCE4432A}"
EndProject
Global
	GlobalSection(SolutionConfigurationPlatforms) = preSolution
		Debug|Any CPU = Debug|Any CPU
		Release|Any CPU = Release|Any CPU
	EndGlobalSection
	GlobalSection(ProjectConfigurationPlatforms) = postSolution
		{47F0612B-D099-402C-BD80-7838FCE4432A}.Debug|Any CPU.ActiveCfg = Debug|Any CPU
		{47F0612B-D099-402C-BD80-7838FCE4432A}.Debug|Any CPU.Build.0 = Debug|Any CPU
		{47F0612B-D099-402C-BD80-7838FCE4432A}.Release|Any CPU.ActiveCfg = Release|Any CPU
		{47F0612B-D099-402C-BD80-7838FCE4432A}.Release|Any CPU.Build.0 = Release|Any CPU
	EndGlobalSection
	GlobalSection(SolutionProperties) = preSolution
		HideSolutionNode = FALSE
	EndGlobalSection
	GlobalSection(ExtensibilityGlobals) = postSolution
		SolutionGuid = {C3D9A191-73B8-4357-945B-97E8A80C14BE}
	EndGlobalSection
EndGlobal
